
Microsoft Visual Studio Solution File, Format Version 12.00
# Visual Studio Version 16
VisualStudioVersion = 16.0.29613.14
MinimumVisualStudioVersion = 15.0.26124.0
Project("{9A19103F-16F7-4668-BE54-9A1E7A4F7556}") = "VueJs.Picnic.CSharp", "VueJs.Picnic.CSharp\VueJs.Picnic.CSharp.csproj", "{6B3E8EE8-92E3-41CE-A356-A5F880EEA367}"
EndProject
Project("{9A19103F-16F7-4668-BE54-9A1E7A4F7556}") = "VueJs.PicnicTable.CSharp", "VueJs.PicnicTable.CSharp\VueJs.PicnicTable.CSharp.csproj", "{8DEDA817-6C63-4AB4-9E95-10819044311D}"
EndProject
Global
	GlobalSection(SolutionConfigurationPlatforms) = preSolution
		Debug|Any CPU = Debug|Any CPU
		Debug|x64 = Debug|x64
		Debug|x86 = Debug|x86
		Release|Any CPU = Release|Any CPU
		Release|x64 = Release|x64
		Release|x86 = Release|x86
	EndGlobalSection
	GlobalSection(ProjectConfigurationPlatforms) = postSolution
		{6B3E8EE8-92E3-41CE-A356-A5F880EEA367}.Debug|Any CPU.ActiveCfg = Debug|Any CPU
		{6B3E8EE8-92E3-41CE-A356-A5F880EEA367}.Debug|Any CPU.Build.0 = Debug|Any CPU
		{6B3E8EE8-92E3-41CE-A356-A5F880EEA367}.Debug|x64.ActiveCfg = Debug|Any CPU
		{6B3E8EE8-92E3-41CE-A356-A5F880EEA367}.Debug|x64.Build.0 = Debug|Any CPU
		{6B3E8EE8-92E3-41CE-A356-A5F880EEA367}.Debug|x86.ActiveCfg = Debug|Any CPU
		{6B3E8EE8-92E3-41CE-A356-A5F880EEA367}.Debug|x86.Build.0 = Debug|Any CPU
		{6B3E8EE8-92E3-41CE-A356-A5F880EEA367}.Release|Any CPU.ActiveCfg = Release|Any CPU
		{6B3E8EE8-92E3-41CE-A356-A5F880EEA367}.Release|Any CPU.Build.0 = Release|Any CPU
		{6B3E8EE8-92E3-41CE-A356-A5F880EEA367}.Release|x64.ActiveCfg = Release|Any CPU
		{6B3E8EE8-92E3-41CE-A356-A5F880EEA367}.Release|x64.Build.0 = Release|Any CPU
		{6B3E8EE8-92E3-41CE-A356-A5F880EEA367}.Release|x86.ActiveCfg = Release|Any CPU
		{6B3E8EE8-92E3-41CE-A356-A5F880EEA367}.Release|x86.Build.0 = Release|Any CPU
		{8DEDA817-6C63-4AB4-9E95-10819044311D}.Debug|Any CPU.ActiveCfg = Debug|Any CPU
		{8DEDA817-6C63-4AB4-9E95-10819044311D}.Debug|Any CPU.Build.0 = Debug|Any CPU
		{8DEDA817-6C63-4AB4-9E95-10819044311D}.Debug|x64.ActiveCfg = Debug|Any CPU
		{8DEDA817-6C63-4AB4-9E95-10819044311D}.Debug|x64.Build.0 = Debug|Any CPU
		{8DEDA817-6C63-4AB4-9E95-10819044311D}.Debug|x86.ActiveCfg = Debug|Any CPU
		{8DEDA817-6C63-4AB4-9E95-10819044311D}.Debug|x86.Build.0 = Debug|Any CPU
		{8DEDA817-6C63-4AB4-9E95-10819044311D}.Release|Any CPU.ActiveCfg = Release|Any CPU
		{8DEDA817-6C63-4AB4-9E95-10819044311D}.Release|Any CPU.Build.0 = Release|Any CPU
		{8DEDA817-6C63-4AB4-9E95-10819044311D}.Release|x64.ActiveCfg = Release|Any CPU
		{8DEDA817-6C63-4AB4-9E95-10819044311D}.Release|x64.Build.0 = Release|Any CPU
		{8DEDA817-6C63-4AB4-9E95-10819044311D}.Release|x86.ActiveCfg = Release|Any CPU
		{8DEDA817-6C63-4AB4-9E95-10819044311D}.Release|x86.Build.0 = Release|Any CPU
	EndGlobalSection
	GlobalSection(SolutionProperties) = preSolution
		HideSolutionNode = FALSE
	EndGlobalSection
	GlobalSection(ExtensibilityGlobals) = postSolution
		SolutionGuid = {14AADF15-4005-4622-86EF-03CC40101934}
	EndGlobalSection
EndGlobal
